
Microsoft Visual Studio Solution File, Format Version 12.00
# Visual Studio Version 17
VisualStudioVersion = 17.8.34316.72
MinimumVisualStudioVersion = 10.0.40219.1
Project("{FAE04EC0-301F-11D3-BF4B-00C04F79EFBC}") = "Laborotorna6", "Laborotorna6.csproj", "{C8C90A54-4A6C-411A-A53F-4E66E0FE54D9}"
EndProject
Global
	GlobalSection(SolutionConfigurationPlatforms) = preSolution
		Debug|Any CPU = Debug|Any CPU
		Release|Any CPU = Release|Any CPU
	EndGlobalSection
	GlobalSection(ProjectConfigurationPlatforms) = postSolution
		{C8C90A54-4A6C-411A-A53F-4E66E0FE54D9}.Debug|Any CPU.ActiveCfg = Debug|Any CPU
		{C8C90A54-4A6C-411A-A53F-4E66E0FE54D9}.Debug|Any CPU.Build.0 = Debug|Any CPU
		{C8C90A54-4A6C-411A-A53F-4E66E0FE54D9}.Release|Any CPU.ActiveCfg = Release|Any CPU
		{C8C90A54-4A6C-411A-A53F-4E66E0FE54D9}.Release|Any CPU.Build.0 = Release|Any CPU
	EndGlobalSection
	GlobalSection(SolutionProperties) = preSolution
		HideSolutionNode = FALSE
	EndGlobalSection
	GlobalSection(ExtensibilityGlobals) = postSolution
		SolutionGuid = {DC3A17ED-463C-431F-B27A-1CD814B64EF4}
	EndGlobalSection
EndGlobal
